
Microsoft Visual Studio Solution File, Format Version 12.00
# Visual Studio Version 16
VisualStudioVersion = 16.0.32106.194
MinimumVisualStudioVersion = 10.0.40219.1
Project("{FAE04EC0-301F-11D3-BF4B-00C04F79EFBC}") = "MySQLBowler", "MySQLBowler.csproj", "{DC6FE258-2C60-4C84-954A-EBD0611B3B83}"
EndProject
Global
	GlobalSection(SolutionConfigurationPlatforms) = preSolution
		Debug|Any CPU = Debug|Any CPU
		Release|Any CPU = Release|Any CPU
	EndGlobalSection
	GlobalSection(ProjectConfigurationPlatforms) = postSolution
		{DC6FE258-2C60-4C84-954A-EBD0611B3B83}.Debug|Any CPU.ActiveCfg = Debug|Any CPU
		{DC6FE258-2C60-4C84-954A-EBD0611B3B83}.Debug|Any CPU.Build.0 = Debug|Any CPU
		{DC6FE258-2C60-4C84-954A-EBD0611B3B83}.Release|Any CPU.ActiveCfg = Release|Any CPU
		{DC6FE258-2C60-4C84-954A-EBD0611B3B83}.Release|Any CPU.Build.0 = Release|Any CPU
	EndGlobalSection
	GlobalSection(SolutionProperties) = preSolution
		HideSolutionNode = FALSE
	EndGlobalSection
	GlobalSection(ExtensibilityGlobals) = postSolution
		SolutionGuid = {C22A1FB9-8973-4CD8-804B-2D08DA551F70}
	EndGlobalSection
EndGlobal
